// !$*UTF8*$!
{
	archiveVersion = 1;
	classes = {
	};
	objectVersion = 46;
	objects = {

/* Begin PBXBuildFile section */
		511825141E97EF9900ABA7C5 /* MJRefreshAutoFooter.m in Sources */ = {isa = PBXBuildFile; fileRef = 511824E81E97EF9900ABA7C5 /* MJRefreshAutoFooter.m */; };
		511825151E97EF9900ABA7C5 /* MJRefreshBackFooter.m in Sources */ = {isa = PBXBuildFile; fileRef = 511824EA1E97EF9900ABA7C5 /* MJRefreshBackFooter.m */; };
		511825161E97EF9900ABA7C5 /* MJRefreshComponent.m in Sources */ = {isa = PBXBuildFile; fileRef = 511824EC1E97EF9900ABA7C5 /* MJRefreshComponent.m */; };
		511825171E97EF9900ABA7C5 /* MJRefreshFooter.m in Sources */ = {isa = PBXBuildFile; fileRef = 511824EE1E97EF9900ABA7C5 /* MJRefreshFooter.m */; };
		511825181E97EF9900ABA7C5 /* MJRefreshHeader.m in Sources */ = {isa = PBXBuildFile; fileRef = 511824F01E97EF9900ABA7C5 /* MJRefreshHeader.m */; };
		511825191E97EF9900ABA7C5 /* MJRefreshAutoGifFooter.m in Sources */ = {isa = PBXBuildFile; fileRef = 511824F51E97EF9900ABA7C5 /* MJRefreshAutoGifFooter.m */; };
		5118251A1E97EF9900ABA7C5 /* MJRefreshAutoNormalFooter.m in Sources */ = {isa = PBXBuildFile; fileRef = 511824F71E97EF9900ABA7C5 /* MJRefreshAutoNormalFooter.m */; };
		5118251B1E97EF9900ABA7C5 /* MJRefreshAutoStateFooter.m in Sources */ = {isa = PBXBuildFile; fileRef = 511824F91E97EF9900ABA7C5 /* MJRefreshAutoStateFooter.m */; };
		5118251C1E97EF9900ABA7C5 /* MJRefreshBackGifFooter.m in Sources */ = {isa = PBXBuildFile; fileRef = 511824FC1E97EF9900ABA7C5 /* MJRefreshBackGifFooter.m */; };
		5118251D1E97EF9900ABA7C5 /* MJRefreshBackNormalFooter.m in Sources */ = {isa = PBXBuildFile; fileRef = 511824FE1E97EF9900ABA7C5 /* MJRefreshBackNormalFooter.m */; };
		5118251E1E97EF9900ABA7C5 /* MJRefreshBackStateFooter.m in Sources */ = {isa = PBXBuildFile; fileRef = 511825001E97EF9900ABA7C5 /* MJRefreshBackStateFooter.m */; };
		5118251F1E97EF9900ABA7C5 /* MJRefreshGifHeader.m in Sources */ = {isa = PBXBuildFile; fileRef = 511825031E97EF9900ABA7C5 /* MJRefreshGifHeader.m */; };
		511825201E97EF9900ABA7C5 /* MJRefreshNormalHeader.m in Sources */ = {isa = PBXBuildFile; fileRef = 511825051E97EF9900ABA7C5 /* MJRefreshNormalHeader.m */; };
		511825211E97EF9900ABA7C5 /* MJRefreshStateHeader.m in Sources */ = {isa = PBXBuildFile; fileRef = 511825071E97EF9900ABA7C5 /* MJRefreshStateHeader.m */; };
		511825221E97EF9900ABA7C5 /* MJRefresh.bundle in Resources */ = {isa = PBXBuildFile; fileRef = 511825081E97EF9900ABA7C5 /* MJRefresh.bundle */; };
		511825231E97EF9900ABA7C5 /* MJRefreshConst.m in Sources */ = {isa = PBXBuildFile; fileRef = 5118250B1E97EF9900ABA7C5 /* MJRefreshConst.m */; };
		511825241E97EF9900ABA7C5 /* NSBundle+MJRefresh.m in Sources */ = {isa = PBXBuildFile; fileRef = 5118250D1E97EF9900ABA7C5 /* NSBundle+MJRefresh.m */; };
		511825251E97EF9900ABA7C5 /* UIScrollView+MJExtension.m in Sources */ = {isa = PBXBuildFile; fileRef = 5118250F1E97EF9900ABA7C5 /* UIScrollView+MJExtension.m */; };
		511825261E97EF9900ABA7C5 /* UIScrollView+MJRefresh.m in Sources */ = {isa = PBXBuildFile; fileRef = 511825111E97EF9900ABA7C5 /* UIScrollView+MJRefresh.m */; };
		511825271E97EF9900ABA7C5 /* UIView+MJExtension.m in Sources */ = {isa = PBXBuildFile; fileRef = 511825131E97EF9900ABA7C5 /* UIView+MJExtension.m */; };
		511A32621E97593800067CF8 /* main.m in Sources */ = {isa = PBXBuildFile; fileRef = 511A32611E97593800067CF8 /* main.m */; };
		511A32651E97593800067CF8 /* AppDelegate.m in Sources */ = {isa = PBXBuildFile; fileRef = 511A32641E97593800067CF8 /* AppDelegate.m */; };
		511A326B1E97593800067CF8 /* Main.storyboard in Resources */ = {isa = PBXBuildFile; fileRef = 511A32691E97593800067CF8 /* Main.storyboard */; };
		511A326D1E97593800067CF8 /* Assets.xcassets in Resources */ = {isa = PBXBuildFile; fileRef = 511A326C1E97593800067CF8 /* Assets.xcassets */; };
		511A32701E97593800067CF8 /* LaunchScreen.storyboard in Resources */ = {isa = PBXBuildFile; fileRef = 511A326E1E97593800067CF8 /* LaunchScreen.storyboard */; };
		511A328C1E975BF000067CF8 /* UIImage+Scale.m in Sources */ = {isa = PBXBuildFile; fileRef = 511A328B1E975BF000067CF8 /* UIImage+Scale.m */; };
		511A32971E975C2400067CF8 /* ViewController.m in Sources */ = {isa = PBXBuildFile; fileRef = 511A32901E975C2400067CF8 /* ViewController.m */; };
		511A32981E975C2400067CF8 /* KKMusicEntity.m in Sources */ = {isa = PBXBuildFile; fileRef = 511A32931E975C2400067CF8 /* KKMusicEntity.m */; };
		511A32991E975C2400067CF8 /* KKMusicFilesManager.m in Sources */ = {isa = PBXBuildFile; fileRef = 511A32951E975C2400067CF8 /* KKMusicFilesManager.m */; };
		511A32A81E97662000067CF8 /* libsqlite3.tbd in Frameworks */ = {isa = PBXBuildFile; fileRef = 511A32A71E97662000067CF8 /* libsqlite3.tbd */; };
		511A32B41E97683300067CF8 /* KKMusicFilesTableViewCell.m in Sources */ = {isa = PBXBuildFile; fileRef = 511A32B21E97683300067CF8 /* KKMusicFilesTableViewCell.m */; };
		511A32B51E97683300067CF8 /* KKMusicFilesTableViewCell.xib in Resources */ = {isa = PBXBuildFile; fileRef = 511A32B31E97683300067CF8 /* KKMusicFilesTableViewCell.xib */; };
		511A32B81E97687D00067CF8 /* UIImage+animatedGIF.m in Sources */ = {isa = PBXBuildFile; fileRef = 511A32B71E97687D00067CF8 /* UIImage+animatedGIF.m */; };
		511A32BB1E97691700067CF8 /* music-Playing.gif in Resources */ = {isa = PBXBuildFile; fileRef = 511A32BA1E97691700067CF8 /* music-Playing.gif */; };
		51700C041E976E5500518234 /* KKMusicPlayController.m in Sources */ = {isa = PBXBuildFile; fileRef = 51700C021E976E5500518234 /* KKMusicPlayController.m */; };
		51700C051E976E5500518234 /* KKMusicPlayController.xib in Resources */ = {isa = PBXBuildFile; fileRef = 51700C031E976E5500518234 /* KKMusicPlayController.xib */; };
		51700C0A1E976F0F00518234 /* UIImage+ImageEffects.m in Sources */ = {isa = PBXBuildFile; fileRef = 51700C071E976F0F00518234 /* UIImage+ImageEffects.m */; };
		51700C0B1E976F0F00518234 /* UIImageView+BlurredImage.m in Sources */ = {isa = PBXBuildFile; fileRef = 51700C091E976F0F00518234 /* UIImageView+BlurredImage.m */; };
		51700C301E979BE500518234 /* KKNavViewController.m in Sources */ = {isa = PBXBuildFile; fileRef = 51700C2F1E979BE500518234 /* KKNavViewController.m */; };
		51700C381E979C4500518234 /* KKCircularProgressView.m in Sources */ = {isa = PBXBuildFile; fileRef = 51700C331E979C4500518234 /* KKCircularProgressView.m */; };
		51700C391E979C4500518234 /* LoadingIndicatorView.m in Sources */ = {isa = PBXBuildFile; fileRef = 51700C351E979C4500518234 /* LoadingIndicatorView.m */; };
		51700C3A1E979C4500518234 /* SyncMusicView.m in Sources */ = {isa = PBXBuildFile; fileRef = 51700C371E979C4500518234 /* SyncMusicView.m */; };
		51700C3E1E979C6500518234 /* KKAVPlayer.m in Sources */ = {isa = PBXBuildFile; fileRef = 51700C3D1E979C6500518234 /* KKAVPlayer.m */; };
		51700C4A1E97A3DF00518234 /* KKMusicListController.m in Sources */ = {isa = PBXBuildFile; fileRef = 51700C481E97A3DF00518234 /* KKMusicListController.m */; };
		51700C4B1E97A3DF00518234 /* KKMusicListController.xib in Resources */ = {isa = PBXBuildFile; fileRef = 51700C491E97A3DF00518234 /* KKMusicListController.xib */; };
		51700C531E97AA2E00518234 /* KKSQLColumnItem.m in Sources */ = {isa = PBXBuildFile; fileRef = 51700C4E1E97AA2E00518234 /* KKSQLColumnItem.m */; };
		51700C541E97AA2E00518234 /* KKSQLite.m in Sources */ = {isa = PBXBuildFile; fileRef = 51700C501E97AA2E00518234 /* KKSQLite.m */; };
		51700C551E97AA2E00518234 /* KKSQLQueryResultSet.m in Sources */ = {isa = PBXBuildFile; fileRef = 51700C521E97AA2E00518234 /* KKSQLQueryResultSet.m */; };
		51700C5E1E97B9EA00518234 /* MusicResource in Resources */ = {isa = PBXBuildFile; fileRef = 51700C5D1E97B9EA00518234 /* MusicResource */; };
/* End PBXBuildFile section */

/* Begin PBXFileReference section */
		511824E71E97EF9900ABA7C5 /* MJRefreshAutoFooter.h */ = {isa = PBXFileReference; fileEncoding = 4; lastKnownFileType = sourcecode.c.h; path = MJRefreshAutoFooter.h; sourceTree = "<group>"; };
		511824E81E97EF9900ABA7C5 /* MJRefreshAutoFooter.m */ = {isa = PBXFileReference; fileEncoding = 4; lastKnownFileType = sourcecode.c.objc; path = MJRefreshAutoFooter.m; sourceTree = "<group>"; };
		511824E91E97EF9900ABA7C5 /* MJRefreshBackFooter.h */ = {isa = PBXFileReference; fileEncoding = 4; lastKnownFileType = sourcecode.c.h; path = MJRefreshBackFooter.h; sourceTree = "<group>"; };
		511824EA1E97EF9900ABA7C5 /* MJRefreshBackFooter.m */ = {isa = PBXFileReference; fileEncoding = 4; lastKnownFileType = sourcecode.c.objc; path = MJRefreshBackFooter.m; sourceTree = "<group>"; };
		511824EB1E97EF9900ABA7C5 /* MJRefreshComponent.h */ = {isa = PBXFileReference; fileEncoding = 4; lastKnownFileType = sourcecode.c.h; path = MJRefreshComponent.h; sourceTree = "<group>"; };
		511824EC1E97EF9900ABA7C5 /* MJRefreshComponent.m */ = {isa = PBXFileReference; fileEncoding = 4; lastKnownFileType = sourcecode.c.objc; path = MJRefreshComponent.m; sourceTree = "<group>"; };
		511824ED1E97EF9900ABA7C5 /* MJRefreshFooter.h */ = {isa = PBXFileReference; fileEncoding = 4; lastKnownFileType = sourcecode.c.h; path = MJRefreshFooter.h; sourceTree = "<group>"; };
		511824EE1E97EF9900ABA7C5 /* MJRefreshFooter.m */ = {isa = PBXFileReference; fileEncoding = 4; lastKnownFileType = sourcecode.c.objc; path = MJRefreshFooter.m; sourceTree = "<group>"; };
		511824EF1E97EF9900ABA7C5 /* MJRefreshHeader.h */ = {isa = PBXFileReference; fileEncoding = 4; lastKnownFileType = sourcecode.c.h; path = MJRefreshHeader.h; sourceTree = "<group>"; };
		511824F01E97EF9900ABA7C5 /* MJRefreshHeader.m */ = {isa = PBXFileReference; fileEncoding = 4; lastKnownFileType = sourcecode.c.objc; path = MJRefreshHeader.m; sourceTree = "<group>"; };
		511824F41E97EF9900ABA7C5 /* MJRefreshAutoGifFooter.h */ = {isa = PBXFileReference; fileEncoding = 4; lastKnownFileType = sourcecode.c.h; path = MJRefreshAutoGifFooter.h; sourceTree = "<group>"; };
		511824F51E97EF9900ABA7C5 /* MJRefreshAutoGifFooter.m */ = {isa = PBXFileReference; fileEncoding = 4; lastKnownFileType = sourcecode.c.objc; path = MJRefreshAutoGifFooter.m; sourceTree = "<group>"; };
		511824F61E97EF9900ABA7C5 /* MJRefreshAutoNormalFooter.h */ = {isa = PBXFileReference; fileEncoding = 4; lastKnownFileType = sourcecode.c.h; path = MJRefreshAutoNormalFooter.h; sourceTree = "<group>"; };
		511824F71E97EF9900ABA7C5 /* MJRefreshAutoNormalFooter.m */ = {isa = PBXFileReference; fileEncoding = 4; lastKnownFileType = sourcecode.c.objc; path = MJRefreshAutoNormalFooter.m; sourceTree = "<group>"; };
		511824F81E97EF9900ABA7C5 /* MJRefreshAutoStateFooter.h */ = {isa = PBXFileReference; fileEncoding = 4; lastKnownFileType = sourcecode.c.h; path = MJRefreshAutoStateFooter.h; sourceTree = "<group>"; };
		511824F91E97EF9900ABA7C5 /* MJRefreshAutoStateFooter.m */ = {isa = PBXFileReference; fileEncoding = 4; lastKnownFileType = sourcecode.c.objc; path = MJRefreshAutoStateFooter.m; sourceTree = "<group>"; };
		511824FB1E97EF9900ABA7C5 /* MJRefreshBackGifFooter.h */ = {isa = PBXFileReference; fileEncoding = 4; lastKnownFileType = sourcecode.c.h; path = MJRefreshBackGifFooter.h; sourceTree = "<group>"; };
		511824FC1E97EF9900ABA7C5 /* MJRefreshBackGifFooter.m */ = {isa = PBXFileReference; fileEncoding = 4; lastKnownFileType = sourcecode.c.objc; path = MJRefreshBackGifFooter.m; sourceTree = "<group>"; };
		511824FD1E97EF9900ABA7C5 /* MJRefreshBackNormalFooter.h */ = {isa = PBXFileReference; fileEncoding = 4; lastKnownFileType = sourcecode.c.h; path = MJRefreshBackNormalFooter.h; sourceTree = "<group>"; };
		511824FE1E97EF9900ABA7C5 /* MJRefreshBackNormalFooter.m */ = {isa = PBXFileReference; fileEncoding = 4; lastKnownFileType = sourcecode.c.objc; path = MJRefreshBackNormalFooter.m; sourceTree = "<group>"; };
		511824FF1E97EF9900ABA7C5 /* MJRefreshBackStateFooter.h */ = {isa = PBXFileReference; fileEncoding = 4; lastKnownFileType = sourcecode.c.h; path = MJRefreshBackStateFooter.h; sourceTree = "<group>"; };
		511825001E97EF9900ABA7C5 /* MJRefreshBackStateFooter.m */ = {isa = PBXFileReference; fileEncoding = 4; lastKnownFileType = sourcecode.c.objc; path = MJRefreshBackStateFooter.m; sourceTree = "<group>"; };
		511825021E97EF9900ABA7C5 /* MJRefreshGifHeader.h */ = {isa = PBXFileReference; fileEncoding = 4; lastKnownFileType = sourcecode.c.h; path = MJRefreshGifHeader.h; sourceTree = "<group>"; };
		511825031E97EF9900ABA7C5 /* MJRefreshGifHeader.m */ = {isa = PBXFileReference; fileEncoding = 4; lastKnownFileType = sourcecode.c.objc; path = MJRefreshGifHeader.m; sourceTree = "<group>"; };
		511825041E97EF9900ABA7C5 /* MJRefreshNormalHeader.h */ = {isa = PBXFileReference; fileEncoding = 4; lastKnownFileType = sourcecode.c.h; path = MJRefreshNormalHeader.h; sourceTree = "<group>"; };
		511825051E97EF9900ABA7C5 /* MJRefreshNormalHeader.m */ = {isa = PBXFileReference; fileEncoding = 4; lastKnownFileType = sourcecode.c.objc; path = MJRefreshNormalHeader.m; sourceTree = "<group>"; };
		511825061E97EF9900ABA7C5 /* MJRefreshStateHeader.h */ = {isa = PBXFileReference; fileEncoding = 4; lastKnownFileType = sourcecode.c.h; path = MJRefreshStateHeader.h; sourceTree = "<group>"; };
		511825071E97EF9900ABA7C5 /* MJRefreshStateHeader.m */ = {isa = PBXFileReference; fileEncoding = 4; lastKnownFileType = sourcecode.c.objc; path = MJRefreshStateHeader.m; sourceTree = "<group>"; };
		511825081E97EF9900ABA7C5 /* MJRefresh.bundle */ = {isa = PBXFileReference; lastKnownFileType = "wrapper.plug-in"; path = MJRefresh.bundle; sourceTree = "<group>"; };
		511825091E97EF9900ABA7C5 /* MJRefresh.h */ = {isa = PBXFileReference; fileEncoding = 4; lastKnownFileType = sourcecode.c.h; path = MJRefresh.h; sourceTree = "<group>"; };
		5118250A1E97EF9900ABA7C5 /* MJRefreshConst.h */ = {isa = PBXFileReference; fileEncoding = 4; lastKnownFileType = sourcecode.c.h; path = MJRefreshConst.h; sourceTree = "<group>"; };
		5118250B1E97EF9900ABA7C5 /* MJRefreshConst.m */ = {isa = PBXFileReference; fileEncoding = 4; lastKnownFileType = sourcecode.c.objc; path = MJRefreshConst.m; sourceTree = "<group>"; };
		5118250C1E97EF9900ABA7C5 /* NSBundle+MJRefresh.h */ = {isa = PBXFileReference; fileEncoding = 4; lastKnownFileType = sourcecode.c.h; path = "NSBundle+MJRefresh.h"; sourceTree = "<group>"; };
		5118250D1E97EF9900ABA7C5 /* NSBundle+MJRefresh.m */ = {isa = PBXFileReference; fileEncoding = 4; lastKnownFileType = sourcecode.c.objc; path = "NSBundle+MJRefresh.m"; sourceTree = "<group>"; };
		5118250E1E97EF9900ABA7C5 /* UIScrollView+MJExtension.h */ = {isa = PBXFileReference; fileEncoding = 4; lastKnownFileType = sourcecode.c.h; path = "UIScrollView+MJExtension.h"; sourceTree = "<group>"; };
		5118250F1E97EF9900ABA7C5 /* UIScrollView+MJExtension.m */ = {isa = PBXFileReference; fileEncoding = 4; lastKnownFileType = sourcecode.c.objc; path = "UIScrollView+MJExtension.m"; sourceTree = "<group>"; };
		511825101E97EF9900ABA7C5 /* UIScrollView+MJRefresh.h */ = {isa = PBXFileReference; fileEncoding = 4; lastKnownFileType = sourcecode.c.h; path = "UIScrollView+MJRefresh.h"; sourceTree = "<group>"; };
		511825111E97EF9900ABA7C5 /* UIScrollView+MJRefresh.m */ = {isa = PBXFileReference; fileEncoding = 4; lastKnownFileType = sourcecode.c.objc; path = "UIScrollView+MJRefresh.m"; sourceTree = "<group>"; };
		511825121E97EF9900ABA7C5 /* UIView+MJExtension.h */ = {isa = PBXFileReference; fileEncoding = 4; lastKnownFileType = sourcecode.c.h; path = "UIView+MJExtension.h"; sourceTree = "<group>"; };
		511825131E97EF9900ABA7C5 /* UIView+MJExtension.m */ = {isa = PBXFileReference; fileEncoding = 4; lastKnownFileType = sourcecode.c.objc; path = "UIView+MJExtension.m"; sourceTree = "<group>"; };
		511A325D1E97593800067CF8 /* KKMusicPlayer.app */ = {isa = PBXFileReference; explicitFileType = wrapper.application; includeInIndex = 0; path = KKMusicPlayer.app; sourceTree = BUILT_PRODUCTS_DIR; };
		511A32611E97593800067CF8 /* main.m */ = {isa = PBXFileReference; lastKnownFileType = sourcecode.c.objc; path = main.m; sourceTree = "<group>"; };
		511A32631E97593800067CF8 /* AppDelegate.h */ = {isa = PBXFileReference; lastKnownFileType = sourcecode.c.h; path = AppDelegate.h; sourceTree = "<group>"; };
		511A32641E97593800067CF8 /* AppDelegate.m */ = {isa = PBXFileReference; lastKnownFileType = sourcecode.c.objc; path = AppDelegate.m; sourceTree = "<group>"; };
		511A326A1E97593800067CF8 /* Base */ = {isa = PBXFileReference; lastKnownFileType = file.storyboard; name = Base; path = Base.lproj/Main.storyboard; sourceTree = "<group>"; };
		511A326C1E97593800067CF8 /* Assets.xcassets */ = {isa = PBXFileReference; lastKnownFileType = folder.assetcatalog; path = Assets.xcassets; sourceTree = "<group>"; };
		511A326F1E97593800067CF8 /* Base */ = {isa = PBXFileReference; lastKnownFileType = file.storyboard; name = Base; path = Base.lproj/LaunchScreen.storyboard; sourceTree = "<group>"; };
		511A32711E97593800067CF8 /* Info.plist */ = {isa = PBXFileReference; lastKnownFileType = text.plist.xml; path = Info.plist; sourceTree = "<group>"; };
		511A328A1E975BF000067CF8 /* UIImage+Scale.h */ = {isa = PBXFileReference; fileEncoding = 4; lastKnownFileType = sourcecode.c.h; path = "UIImage+Scale.h"; sourceTree = "<group>"; };
		511A328B1E975BF000067CF8 /* UIImage+Scale.m */ = {isa = PBXFileReference; fileEncoding = 4; lastKnownFileType = sourcecode.c.objc; path = "UIImage+Scale.m"; sourceTree = "<group>"; };
		511A328F1E975C2400067CF8 /* ViewController.h */ = {isa = PBXFileReference; fileEncoding = 4; lastKnownFileType = sourcecode.c.h; path = ViewController.h; sourceTree = "<group>"; };
		511A32901E975C2400067CF8 /* ViewController.m */ = {isa = PBXFileReference; fileEncoding = 4; lastKnownFileType = sourcecode.c.objc; path = ViewController.m; sourceTree = "<group>"; };
		511A32921E975C2400067CF8 /* KKMusicEntity.h */ = {isa = PBXFileReference; fileEncoding = 4; lastKnownFileType = sourcecode.c.h; path = KKMusicEntity.h; sourceTree = "<group>"; };
		511A32931E975C2400067CF8 /* KKMusicEntity.m */ = {isa = PBXFileReference; fileEncoding = 4; lastKnownFileType = sourcecode.c.objc; path = KKMusicEntity.m; sourceTree = "<group>"; };
		511A32941E975C2400067CF8 /* KKMusicFilesManager.h */ = {isa = PBXFileReference; fileEncoding = 4; lastKnownFileType = sourcecode.c.h; path = KKMusicFilesManager.h; sourceTree = "<group>"; };
		511A32951E975C2400067CF8 /* KKMusicFilesManager.m */ = {isa = PBXFileReference; fileEncoding = 4; lastKnownFileType = sourcecode.c.objc; path = KKMusicFilesManager.m; sourceTree = "<group>"; };
		511A32A71E97662000067CF8 /* libsqlite3.tbd */ = {isa = PBXFileReference; lastKnownFileType = "sourcecode.text-based-dylib-definition"; name = libsqlite3.tbd; path = usr/lib/libsqlite3.tbd; sourceTree = SDKROOT; };
		511A32B11E97683300067CF8 /* KKMusicFilesTableViewCell.h */ = {isa = PBXFileReference; fileEncoding = 4; lastKnownFileType = sourcecode.c.h; path = KKMusicFilesTableViewCell.h; sourceTree = "<group>"; };
		511A32B21E97683300067CF8 /* KKMusicFilesTableViewCell.m */ = {isa = PBXFileReference; fileEncoding = 4; lastKnownFileType = sourcecode.c.objc; path = KKMusicFilesTableViewCell.m; sourceTree = "<group>"; };
		511A32B31E97683300067CF8 /* KKMusicFilesTableViewCell.xib */ = {isa = PBXFileReference; fileEncoding = 4; lastKnownFileType = file.xib; path = KKMusicFilesTableViewCell.xib; sourceTree = "<group>"; };
		511A32B61E97687D00067CF8 /* UIImage+animatedGIF.h */ = {isa = PBXFileReference; fileEncoding = 4; lastKnownFileType = sourcecode.c.h; path = "UIImage+animatedGIF.h"; sourceTree = "<group>"; };
		511A32B71E97687D00067CF8 /* UIImage+animatedGIF.m */ = {isa = PBXFileReference; fileEncoding = 4; lastKnownFileType = sourcecode.c.objc; path = "UIImage+animatedGIF.m"; sourceTree = "<group>"; };
		511A32BA1E97691700067CF8 /* music-Playing.gif */ = {isa = PBXFileReference; lastKnownFileType = image.gif; path = "music-Playing.gif"; sourceTree = "<group>"; };
		51700C011E976E5500518234 /* KKMusicPlayController.h */ = {isa = PBXFileReference; fileEncoding = 4; lastKnownFileType = sourcecode.c.h; path = KKMusicPlayController.h; sourceTree = "<group>"; };
		51700C021E976E5500518234 /* KKMusicPlayController.m */ = {isa = PBXFileReference; fileEncoding = 4; lastKnownFileType = sourcecode.c.objc; path = KKMusicPlayController.m; sourceTree = "<group>"; };
		51700C031E976E5500518234 /* KKMusicPlayController.xib */ = {isa = PBXFileReference; fileEncoding = 4; lastKnownFileType = file.xib; path = KKMusicPlayController.xib; sourceTree = "<group>"; };
		51700C061E976F0F00518234 /* UIImage+ImageEffects.h */ = {isa = PBXFileReference; fileEncoding = 4; lastKnownFileType = sourcecode.c.h; path = "UIImage+ImageEffects.h"; sourceTree = "<group>"; };
		51700C071E976F0F00518234 /* UIImage+ImageEffects.m */ = {isa = PBXFileReference; fileEncoding = 4; lastKnownFileType = sourcecode.c.objc; path = "UIImage+ImageEffects.m"; sourceTree = "<group>"; };
		51700C081E976F0F00518234 /* UIImageView+BlurredImage.h */ = {isa = PBXFileReference; fileEncoding = 4; lastKnownFileType = sourcecode.c.h; path = "UIImageView+BlurredImage.h"; sourceTree = "<group>"; };
		51700C091E976F0F00518234 /* UIImageView+BlurredImage.m */ = {isa = PBXFileReference; fileEncoding = 4; lastKnownFileType = sourcecode.c.objc; path = "UIImageView+BlurredImage.m"; sourceTree = "<group>"; };
		51700C2E1E979BE500518234 /* KKNavViewController.h */ = {isa = PBXFileReference; fileEncoding = 4; lastKnownFileType = sourcecode.c.h; path = KKNavViewController.h; sourceTree = "<group>"; };
		51700C2F1E979BE500518234 /* KKNavViewController.m */ = {isa = PBXFileReference; fileEncoding = 4; lastKnownFileType = sourcecode.c.objc; path = KKNavViewController.m; sourceTree = "<group>"; };
		51700C321E979C4500518234 /* KKCircularProgressView.h */ = {isa = PBXFileReference; fileEncoding = 4; lastKnownFileType = sourcecode.c.h; path = KKCircularProgressView.h; sourceTree = "<group>"; };
		51700C331E979C4500518234 /* KKCircularProgressView.m */ = {isa = PBXFileReference; fileEncoding = 4; lastKnownFileType = sourcecode.c.objc; path = KKCircularProgressView.m; sourceTree = "<group>"; };
		51700C341E979C4500518234 /* LoadingIndicatorView.h */ = {isa = PBXFileReference; fileEncoding = 4; lastKnownFileType = sourcecode.c.h; path = LoadingIndicatorView.h; sourceTree = "<group>"; };
		51700C351E979C4500518234 /* LoadingIndicatorView.m */ = {isa = PBXFileReference; fileEncoding = 4; lastKnownFileType = sourcecode.c.objc; path = LoadingIndicatorView.m; sourceTree = "<group>"; };
		51700C361E979C4500518234 /* SyncMusicView.h */ = {isa = PBXFileReference; fileEncoding = 4; lastKnownFileType = sourcecode.c.h; path = SyncMusicView.h; sourceTree = "<group>"; };
		51700C371E979C4500518234 /* SyncMusicView.m */ = {isa = PBXFileReference; fileEncoding = 4; lastKnownFileType = sourcecode.c.objc; path = SyncMusicView.m; sourceTree = "<group>"; };
		51700C3C1E979C6500518234 /* KKAVPlayer.h */ = {isa = PBXFileReference; fileEncoding = 4; lastKnownFileType = sourcecode.c.h; path = KKAVPlayer.h; sourceTree = "<group>"; };
		51700C3D1E979C6500518234 /* KKAVPlayer.m */ = {isa = PBXFileReference; fileEncoding = 4; lastKnownFileType = sourcecode.c.objc; path = KKAVPlayer.m; sourceTree = "<group>"; };
		51700C471E97A3DF00518234 /* KKMusicListController.h */ = {isa = PBXFileReference; fileEncoding = 4; lastKnownFileType = sourcecode.c.h; path = KKMusicListController.h; sourceTree = "<group>"; };
		51700C481E97A3DF00518234 /* KKMusicListController.m */ = {isa = PBXFileReference; fileEncoding = 4; lastKnownFileType = sourcecode.c.objc; path = KKMusicListController.m; sourceTree = "<group>"; };
		51700C491E97A3DF00518234 /* KKMusicListController.xib */ = {isa = PBXFileReference; fileEncoding = 4; lastKnownFileType = file.xib; path = KKMusicListController.xib; sourceTree = "<group>"; };
		51700C4D1E97AA2E00518234 /* KKSQLColumnItem.h */ = {isa = PBXFileReference; fileEncoding = 4; lastKnownFileType = sourcecode.c.h; path = KKSQLColumnItem.h; sourceTree = "<group>"; };
		51700C4E1E97AA2E00518234 /* KKSQLColumnItem.m */ = {isa = PBXFileReference; fileEncoding = 4; lastKnownFileType = sourcecode.c.objc; path = KKSQLColumnItem.m; sourceTree = "<group>"; };
		51700C4F1E97AA2E00518234 /* KKSQLite.h */ = {isa = PBXFileReference; fileEncoding = 4; lastKnownFileType = sourcecode.c.h; path = KKSQLite.h; sourceTree = "<group>"; };
		51700C501E97AA2E00518234 /* KKSQLite.m */ = {isa = PBXFileReference; fileEncoding = 4; lastKnownFileType = sourcecode.c.objc; path = KKSQLite.m; sourceTree = "<group>"; };
		51700C511E97AA2E00518234 /* KKSQLQueryResultSet.h */ = {isa = PBXFileReference; fileEncoding = 4; lastKnownFileType = sourcecode.c.h; path = KKSQLQueryResultSet.h; sourceTree = "<group>"; };
		51700C521E97AA2E00518234 /* KKSQLQueryResultSet.m */ = {isa = PBXFileReference; fileEncoding = 4; lastKnownFileType = sourcecode.c.objc; path = KKSQLQueryResultSet.m; sourceTree = "<group>"; };
		51700C5D1E97B9EA00518234 /* MusicResource */ = {isa = PBXFileReference; lastKnownFileType = folder; name = MusicResource; path = KKMusicPlayer/MusicResource; sourceTree = "<group>"; };
/* End PBXFileReference section */

/* Begin PBXFrameworksBuildPhase section */
		511A325A1E97593800067CF8 /* Frameworks */ = {
			isa = PBXFrameworksBuildPhase;
			buildActionMask = 2147483647;
			files = (
				511A32A81E97662000067CF8 /* libsqlite3.tbd in Frameworks */,
			);
			runOnlyForDeploymentPostprocessing = 0;
		};
/* End PBXFrameworksBuildPhase section */

/* Begin PBXGroup section */
		511824E51E97EF9900ABA7C5 /* MJRefresh */ = {
			isa = PBXGroup;
			children = (
				511824E61E97EF9900ABA7C5 /* Base */,
				511824F11E97EF9900ABA7C5 /* Custom */,
				511825081E97EF9900ABA7C5 /* MJRefresh.bundle */,
				511825091E97EF9900ABA7C5 /* MJRefresh.h */,
				5118250A1E97EF9900ABA7C5 /* MJRefreshConst.h */,
				5118250B1E97EF9900ABA7C5 /* MJRefreshConst.m */,
				5118250C1E97EF9900ABA7C5 /* NSBundle+MJRefresh.h */,
				5118250D1E97EF9900ABA7C5 /* NSBundle+MJRefresh.m */,
				5118250E1E97EF9900ABA7C5 /* UIScrollView+MJExtension.h */,
				5118250F1E97EF9900ABA7C5 /* UIScrollView+MJExtension.m */,
				511825101E97EF9900ABA7C5 /* UIScrollView+MJRefresh.h */,
				511825111E97EF9900ABA7C5 /* UIScrollView+MJRefresh.m */,
				511825121E97EF9900ABA7C5 /* UIView+MJExtension.h */,
				511825131E97EF9900ABA7C5 /* UIView+MJExtension.m */,
			);
			name = MJRefresh;
			path = KKMusicPlayer/MJRefresh;
			sourceTree = "<group>";
		};
		511824E61E97EF9900ABA7C5 /* Base */ = {
			isa = PBXGroup;
			children = (
				511824E71E97EF9900ABA7C5 /* MJRefreshAutoFooter.h */,
				511824E81E97EF9900ABA7C5 /* MJRefreshAutoFooter.m */,
				511824E91E97EF9900ABA7C5 /* MJRefreshBackFooter.h */,
				511824EA1E97EF9900ABA7C5 /* MJRefreshBackFooter.m */,
				511824EB1E97EF9900ABA7C5 /* MJRefreshComponent.h */,
				511824EC1E97EF9900ABA7C5 /* MJRefreshComponent.m */,
				511824ED1E97EF9900ABA7C5 /* MJRefreshFooter.h */,
				511824EE1E97EF9900ABA7C5 /* MJRefreshFooter.m */,
				511824EF1E97EF9900ABA7C5 /* MJRefreshHeader.h */,
				511824F01E97EF9900ABA7C5 /* MJRefreshHeader.m */,
			);
			path = Base;
			sourceTree = "<group>";
		};
		511824F11E97EF9900ABA7C5 /* Custom */ = {
			isa = PBXGroup;
			children = (
				511824F21E97EF9900ABA7C5 /* Footer */,
				511825011E97EF9900ABA7C5 /* Header */,
			);
			path = Custom;
			sourceTree = "<group>";
		};
		511824F21E97EF9900ABA7C5 /* Footer */ = {
			isa = PBXGroup;
			children = (
				511824F31E97EF9900ABA7C5 /* Auto */,
				511824FA1E97EF9900ABA7C5 /* Back */,
			);
			path = Footer;
			sourceTree = "<group>";
		};
		511824F31E97EF9900ABA7C5 /* Auto */ = {
			isa = PBXGroup;
			children = (
				511824F41E97EF9900ABA7C5 /* MJRefreshAutoGifFooter.h */,
				511824F51E97EF9900ABA7C5 /* MJRefreshAutoGifFooter.m */,
				511824F61E97EF9900ABA7C5 /* MJRefreshAutoNormalFooter.h */,
				511824F71E97EF9900ABA7C5 /* MJRefreshAutoNormalFooter.m */,
				511824F81E97EF9900ABA7C5 /* MJRefreshAutoStateFooter.h */,
				511824F91E97EF9900ABA7C5 /* MJRefreshAutoStateFooter.m */,
			);
			path = Auto;
			sourceTree = "<group>";
		};
		511824FA1E97EF9900ABA7C5 /* Back */ = {
			isa = PBXGroup;
			children = (
				511824FB1E97EF9900ABA7C5 /* MJRefreshBackGifFooter.h */,
				511824FC1E97EF9900ABA7C5 /* MJRefreshBackGifFooter.m */,
				511824FD1E97EF9900ABA7C5 /* MJRefreshBackNormalFooter.h */,
				511824FE1E97EF9900ABA7C5 /* MJRefreshBackNormalFooter.m */,
				511824FF1E97EF9900ABA7C5 /* MJRefreshBackStateFooter.h */,
				511825001E97EF9900ABA7C5 /* MJRefreshBackStateFooter.m */,
			);
			path = Back;
			sourceTree = "<group>";
		};
		511825011E97EF9900ABA7C5 /* Header */ = {
			isa = PBXGroup;
			children = (
				511825021E97EF9900ABA7C5 /* MJRefreshGifHeader.h */,
				511825031E97EF9900ABA7C5 /* MJRefreshGifHeader.m */,
				511825041E97EF9900ABA7C5 /* MJRefreshNormalHeader.h */,
				511825051E97EF9900ABA7C5 /* MJRefreshNormalHeader.m */,
				511825061E97EF9900ABA7C5 /* MJRefreshStateHeader.h */,
				511825071E97EF9900ABA7C5 /* MJRefreshStateHeader.m */,
			);
			path = Header;
			sourceTree = "<group>";
		};
		511A32541E97593800067CF8 = {
			isa = PBXGroup;
			children = (
				511824E51E97EF9900ABA7C5 /* MJRefresh */,
				51700C5D1E97B9EA00518234 /* MusicResource */,
				511A32B91E97691700067CF8 /* imageResource */,
				511A325F1E97593800067CF8 /* KKMusicPlayer */,
				511A325E1E97593800067CF8 /* Products */,
				511A32A61E97662000067CF8 /* Frameworks */,
			);
			sourceTree = "<group>";
		};
		511A325E1E97593800067CF8 /* Products */ = {
			isa = PBXGroup;
			children = (
				511A325D1E97593800067CF8 /* KKMusicPlayer.app */,
			);
			name = Products;
			sourceTree = "<group>";
		};
		511A325F1E97593800067CF8 /* KKMusicPlayer */ = {
			isa = PBXGroup;
			children = (
				51700C4C1E97AA2E00518234 /* KKSQLite */,
				51700C311E979C1300518234 /* CustomView */,
				51700C2D1E979BE500518234 /* KKNavViewController */,
				511A328D1E975C2400067CF8 /* KKMusicPlayer */,
				511A32891E975BF000067CF8 /* Category */,
				511A32631E97593800067CF8 /* AppDelegate.h */,
				511A32641E97593800067CF8 /* AppDelegate.m */,
				511A32691E97593800067CF8 /* Main.storyboard */,
				511A326C1E97593800067CF8 /* Assets.xcassets */,
				511A326E1E97593800067CF8 /* LaunchScreen.storyboard */,
				511A32711E97593800067CF8 /* Info.plist */,
				511A32601E97593800067CF8 /* Supporting Files */,
			);
			path = KKMusicPlayer;
			sourceTree = "<group>";
		};
		511A32601E97593800067CF8 /* Supporting Files */ = {
			isa = PBXGroup;
			children = (
				511A32611E97593800067CF8 /* main.m */,
			);
			name = "Supporting Files";
			sourceTree = "<group>";
		};
		511A32891E975BF000067CF8 /* Category */ = {
			isa = PBXGroup;
			children = (
				51700C061E976F0F00518234 /* UIImage+ImageEffects.h */,
				51700C071E976F0F00518234 /* UIImage+ImageEffects.m */,
				51700C081E976F0F00518234 /* UIImageView+BlurredImage.h */,
				51700C091E976F0F00518234 /* UIImageView+BlurredImage.m */,
				511A32B61E97687D00067CF8 /* UIImage+animatedGIF.h */,
				511A32B71E97687D00067CF8 /* UIImage+animatedGIF.m */,
				511A328A1E975BF000067CF8 /* UIImage+Scale.h */,
				511A328B1E975BF000067CF8 /* UIImage+Scale.m */,
			);
			path = Category;
			sourceTree = "<group>";
		};
		511A328D1E975C2400067CF8 /* KKMusicPlayer */ = {
			isa = PBXGroup;
			children = (
				51700C3B1E979C6500518234 /* KKAVplayer */,
				511A328E1E975C2400067CF8 /* Controller */,
				511A32911E975C2400067CF8 /* Modal */,
				511A32961E975C2400067CF8 /* View */,
			);
			path = KKMusicPlayer;
			sourceTree = "<group>";
		};
		511A328E1E975C2400067CF8 /* Controller */ = {
			isa = PBXGroup;
			children = (
				51700C471E97A3DF00518234 /* KKMusicListController.h */,
				51700C481E97A3DF00518234 /* KKMusicListController.m */,
				51700C491E97A3DF00518234 /* KKMusicListController.xib */,
				51700C011E976E5500518234 /* KKMusicPlayController.h */,
				51700C021E976E5500518234 /* KKMusicPlayController.m */,
				51700C031E976E5500518234 /* KKMusicPlayController.xib */,
				511A328F1E975C2400067CF8 /* ViewController.h */,
				511A32901E975C2400067CF8 /* ViewController.m */,
			);
			path = Controller;
			sourceTree = "<group>";
		};
		511A32911E975C2400067CF8 /* Modal */ = {
			isa = PBXGroup;
			children = (
				511A32921E975C2400067CF8 /* KKMusicEntity.h */,
				511A32931E975C2400067CF8 /* KKMusicEntity.m */,
				511A32941E975C2400067CF8 /* KKMusicFilesManager.h */,
				511A32951E975C2400067CF8 /* KKMusicFilesManager.m */,
			);
			path = Modal;
			sourceTree = "<group>";
		};
		511A32961E975C2400067CF8 /* View */ = {
			isa = PBXGroup;
			children = (
				511A32B11E97683300067CF8 /* KKMusicFilesTableViewCell.h */,
				511A32B21E97683300067CF8 /* KKMusicFilesTableViewCell.m */,
				511A32B31E97683300067CF8 /* KKMusicFilesTableViewCell.xib */,
			);
			path = View;
			sourceTree = "<group>";
		};
		511A32A61E97662000067CF8 /* Frameworks */ = {
			isa = PBXGroup;
			children = (
				511A32A71E97662000067CF8 /* libsqlite3.tbd */,
			);
			name = Frameworks;
			sourceTree = "<group>";
		};
		511A32B91E97691700067CF8 /* imageResource */ = {
			isa = PBXGroup;
			children = (
				511A32BA1E97691700067CF8 /* music-Playing.gif */,
			);
			name = imageResource;
			path = KKMusicPlayer/imageResource;
			sourceTree = "<group>";
		};
		51700C2D1E979BE500518234 /* KKNavViewController */ = {
			isa = PBXGroup;
			children = (
				51700C2E1E979BE500518234 /* KKNavViewController.h */,
				51700C2F1E979BE500518234 /* KKNavViewController.m */,
			);
			path = KKNavViewController;
			sourceTree = "<group>";
		};
		51700C311E979C1300518234 /* CustomView */ = {
			isa = PBXGroup;
			children = (
				51700C321E979C4500518234 /* KKCircularProgressView.h */,
				51700C331E979C4500518234 /* KKCircularProgressView.m */,
				51700C341E979C4500518234 /* LoadingIndicatorView.h */,
				51700C351E979C4500518234 /* LoadingIndicatorView.m */,
				51700C361E979C4500518234 /* SyncMusicView.h */,
				51700C371E979C4500518234 /* SyncMusicView.m */,
			);
			path = CustomView;
			sourceTree = "<group>";
		};
		51700C3B1E979C6500518234 /* KKAVplayer */ = {
			isa = PBXGroup;
			children = (
				51700C3C1E979C6500518234 /* KKAVPlayer.h */,
				51700C3D1E979C6500518234 /* KKAVPlayer.m */,
			);
			path = KKAVplayer;
			sourceTree = "<group>";
		};
		51700C4C1E97AA2E00518234 /* KKSQLite */ = {
			isa = PBXGroup;
			children = (
				51700C4D1E97AA2E00518234 /* KKSQLColumnItem.h */,
				51700C4E1E97AA2E00518234 /* KKSQLColumnItem.m */,
				51700C4F1E97AA2E00518234 /* KKSQLite.h */,
				51700C501E97AA2E00518234 /* KKSQLite.m */,
				51700C511E97AA2E00518234 /* KKSQLQueryResultSet.h */,
				51700C521E97AA2E00518234 /* KKSQLQueryResultSet.m */,
			);
			path = KKSQLite;
			sourceTree = "<group>";
		};
/* End PBXGroup section */

/* Begin PBXNativeTarget section */
		511A325C1E97593800067CF8 /* KKMusicPlayer */ = {
			isa = PBXNativeTarget;
			buildConfigurationList = 511A32741E97593800067CF8 /* Build configuration list for PBXNativeTarget "KKMusicPlayer" */;
			buildPhases = (
				511A32591E97593800067CF8 /* Sources */,
				511A325A1E97593800067CF8 /* Frameworks */,
				511A325B1E97593800067CF8 /* Resources */,
			);
			buildRules = (
			);
			dependencies = (
			);
			name = KKMusicPlayer;
			productName = KKMusicPlayer;
			productReference = 511A325D1E97593800067CF8 /* KKMusicPlayer.app */;
			productType = "com.apple.product-type.application";
		};
/* End PBXNativeTarget section */

/* Begin PBXProject section */
		511A32551E97593800067CF8 /* Project object */ = {
			isa = PBXProject;
			attributes = {
				LastUpgradeCheck = 0830;
				ORGANIZATIONNAME = finger;
				TargetAttributes = {
					511A325C1E97593800067CF8 = {
						CreatedOnToolsVersion = 8.3;
						DevelopmentTeam = 8X732W9RQ2;
						ProvisioningStyle = Automatic;
					};
				};
			};
			buildConfigurationList = 511A32581E97593800067CF8 /* Build configuration list for PBXProject "KKMusicPlayer" */;
			compatibilityVersion = "Xcode 3.2";
			developmentRegion = English;
			hasScannedForEncodings = 0;
			knownRegions = (
				en,
				Base,
			);
			mainGroup = 511A32541E97593800067CF8;
			productRefGroup = 511A325E1E97593800067CF8 /* Products */;
			projectDirPath = "";
			projectRoot = "";
			targets = (
				511A325C1E97593800067CF8 /* KKMusicPlayer */,
			);
		};
/* End PBXProject section */

/* Begin PBXResourcesBuildPhase section */
		511A325B1E97593800067CF8 /* Resources */ = {
			isa = PBXResourcesBuildPhase;
			buildActionMask = 2147483647;
			files = (
				511A32701E97593800067CF8 /* LaunchScreen.storyboard in Resources */,
				51700C4B1E97A3DF00518234 /* KKMusicListController.xib in Resources */,
				51700C051E976E5500518234 /* KKMusicPlayController.xib in Resources */,
				511A32BB1E97691700067CF8 /* music-Playing.gif in Resources */,
				511A326D1E97593800067CF8 /* Assets.xcassets in Resources */,
				511A32B51E97683300067CF8 /* KKMusicFilesTableViewCell.xib in Resources */,
				51700C5E1E97B9EA00518234 /* MusicResource in Resources */,
				511A326B1E97593800067CF8 /* Main.storyboard in Resources */,
				511825221E97EF9900ABA7C5 /* MJRefresh.bundle in Resources */,
			);
			runOnlyForDeploymentPostprocessing = 0;
		};
/* End PBXResourcesBuildPhase section */

/* Begin PBXSourcesBuildPhase section */
		511A32591E97593800067CF8 /* Sources */ = {
			isa = PBXSourcesBuildPhase;
			buildActionMask = 2147483647;
			files = (
				51700C301E979BE500518234 /* KKNavViewController.m in Sources */,
				511825251E97EF9900ABA7C5 /* UIScrollView+MJExtension.m in Sources */,
				511825141E97EF9900ABA7C5 /* MJRefreshAutoFooter.m in Sources */,
				51700C041E976E5500518234 /* KKMusicPlayController.m in Sources */,
				511A32981E975C2400067CF8 /* KKMusicEntity.m in Sources */,
				51700C0A1E976F0F00518234 /* UIImage+ImageEffects.m in Sources */,
				51700C381E979C4500518234 /* KKCircularProgressView.m in Sources */,
				511A32B81E97687D00067CF8 /* UIImage+animatedGIF.m in Sources */,
				511A32651E97593800067CF8 /* AppDelegate.m in Sources */,
				511825161E97EF9900ABA7C5 /* MJRefreshComponent.m in Sources */,
				511825261E97EF9900ABA7C5 /* UIScrollView+MJRefresh.m in Sources */,
				51700C391E979C4500518234 /* LoadingIndicatorView.m in Sources */,
				5118251C1E97EF9900ABA7C5 /* MJRefreshBackGifFooter.m in Sources */,
				511A32B41E97683300067CF8 /* KKMusicFilesTableViewCell.m in Sources */,
				51700C4A1E97A3DF00518234 /* KKMusicListController.m in Sources */,
				51700C551E97AA2E00518234 /* KKSQLQueryResultSet.m in Sources */,
				511A328C1E975BF000067CF8 /* UIImage+Scale.m in Sources */,
				511825211E97EF9900ABA7C5 /* MJRefreshStateHeader.m in Sources */,
				5118251D1E97EF9900ABA7C5 /* MJRefreshBackNormalFooter.m in Sources */,
				5118251A1E97EF9900ABA7C5 /* MJRefreshAutoNormalFooter.m in Sources */,
				511A32971E975C2400067CF8 /* ViewController.m in Sources */,
				511825241E97EF9900ABA7C5 /* NSBundle+MJRefresh.m in Sources */,
				511825271E97EF9900ABA7C5 /* UIView+MJExtension.m in Sources */,
				511825201E97EF9900ABA7C5 /* MJRefreshNormalHeader.m in Sources */,
				5118251B1E97EF9900ABA7C5 /* MJRefreshAutoStateFooter.m in Sources */,
				511825151E97EF9900ABA7C5 /* MJRefreshBackFooter.m in Sources */,
				5118251F1E97EF9900ABA7C5 /* MJRefreshGifHeader.m in Sources */,
				51700C531E97AA2E00518234 /* KKSQLColumnItem.m in Sources */,
				511825231E97EF9900ABA7C5 /* MJRefreshConst.m in Sources */,
				511825191E97EF9900ABA7C5 /* MJRefreshAutoGifFooter.m in Sources */,
				511825171E97EF9900ABA7C5 /* MJRefreshFooter.m in Sources */,
				51700C3E1E979C6500518234 /* KKAVPlayer.m in Sources */,
				5118251E1E97EF9900ABA7C5 /* MJRefreshBackStateFooter.m in Sources */,
				51700C0B1E976F0F00518234 /* UIImageView+BlurredImage.m in Sources */,
				511825181E97EF9900ABA7C5 /* MJRefreshHeader.m in Sources */,
				511A32621E97593800067CF8 /* main.m in Sources */,
				51700C541E97AA2E00518234 /* KKSQLite.m in Sources */,
				51700C3A1E979C4500518234 /* SyncMusicView.m in Sources */,
				511A32991E975C2400067CF8 /* KKMusicFilesManager.m in Sources */,
			);
			runOnlyForDeploymentPostprocessing = 0;
		};
/* End PBXSourcesBuildPhase section */

/* Begin PBXVariantGroup section */
		511A32691E97593800067CF8 /* Main.storyboard */ = {
			isa = PBXVariantGroup;
			children = (
				511A326A1E97593800067CF8 /* Base */,
			);
			name = Main.storyboard;
			sourceTree = "<group>";
		};
		511A326E1E97593800067CF8 /* LaunchScreen.storyboard */ = {
			isa = PBXVariantGroup;
			children = (
				511A326F1E97593800067CF8 /* Base */,
			);
			name = LaunchScreen.storyboard;
			sourceTree = "<group>";
		};
/* End PBXVariantGroup section */

/* Begin XCBuildConfiguration section */
		511A32721E97593800067CF8 /* Debug */ = {
			isa = XCBuildConfiguration;
			buildSettings = {
				ALWAYS_SEARCH_USER_PATHS = NO;
				CLANG_ANALYZER_NONNULL = YES;
				CLANG_ANALYZER_NUMBER_OBJECT_CONVERSION = YES_AGGRESSIVE;
				CLANG_CXX_LANGUAGE_STANDARD = "gnu++0x";
				CLANG_CXX_LIBRARY = "libc++";
				CLANG_ENABLE_MODULES = YES;
				CLANG_ENABLE_OBJC_ARC = YES;
				CLANG_WARN_BOOL_CONVERSION = YES;
				CLANG_WARN_CONSTANT_CONVERSION = YES;
				CLANG_WARN_DIRECT_OBJC_ISA_USAGE = YES_ERROR;
				CLANG_WARN_DOCUMENTATION_COMMENTS = YES;
				CLANG_WARN_EMPTY_BODY = YES;
				CLANG_WARN_ENUM_CONVERSION = YES;
				CLANG_WARN_INFINITE_RECURSION = YES;
				CLANG_WARN_INT_CONVERSION = YES;
				CLANG_WARN_OBJC_ROOT_CLASS = YES_ERROR;
				CLANG_WARN_SUSPICIOUS_MOVE = YES;
				CLANG_WARN_UNREACHABLE_CODE = YES;
				CLANG_WARN__DUPLICATE_METHOD_MATCH = YES;
				"CODE_SIGN_IDENTITY[sdk=iphoneos*]" = "iPhone Developer";
				COPY_PHASE_STRIP = NO;
				DEBUG_INFORMATION_FORMAT = dwarf;
				ENABLE_STRICT_OBJC_MSGSEND = YES;
				ENABLE_TESTABILITY = YES;
				GCC_C_LANGUAGE_STANDARD = gnu99;
				GCC_DYNAMIC_NO_PIC = NO;
				GCC_NO_COMMON_BLOCKS = YES;
				GCC_OPTIMIZATION_LEVEL = 0;
				GCC_PREPROCESSOR_DEFINITIONS = (
					"DEBUG=1",
					"$(inherited)",
				);
				GCC_WARN_64_TO_32_BIT_CONVERSION = YES;
				GCC_WARN_ABOUT_RETURN_TYPE = YES_ERROR;
				GCC_WARN_UNDECLARED_SELECTOR = YES;
				GCC_WARN_UNINITIALIZED_AUTOS = YES_AGGRESSIVE;
				GCC_WARN_UNUSED_FUNCTION = YES;
				GCC_WARN_UNUSED_VARIABLE = YES;
				IPHONEOS_DEPLOYMENT_TARGET = 10.3;
				MTL_ENABLE_DEBUG_INFO = YES;
				ONLY_ACTIVE_ARCH = YES;
				SDKROOT = iphoneos;
				TARGETED_DEVICE_FAMILY = "1,2";
			};
			name = Debug;
		};
		511A32731E97593800067CF8 /* Release */ = {
			isa = XCBuildConfiguration;
			buildSettings = {
				ALWAYS_SEARCH_USER_PATHS = NO;
				CLANG_ANALYZER_NONNULL = YES;
				CLANG_ANALYZER_NUMBER_OBJECT_CONVERSION = YES_AGGRESSIVE;
				CLANG_CXX_LANGUAGE_STANDARD = "gnu++0x";
				CLANG_CXX_LIBRARY = "libc++";
				CLANG_ENABLE_MODULES = YES;
				CLANG_ENABLE_OBJC_ARC = YES;
				CLANG_WARN_BOOL_CONVERSION = YES;
				CLANG_WARN_CONSTANT_CONVERSION = YES;
				CLANG_WARN_DIRECT_OBJC_ISA_USAGE = YES_ERROR;
				CLANG_WARN_DOCUMENTATION_COMMENTS = YES;
				CLANG_WARN_EMPTY_BODY = YES;
				CLANG_WARN_ENUM_CONVERSION = YES;
				CLANG_WARN_INFINITE_RECURSION = YES;
				CLANG_WARN_INT_CONVERSION = YES;
				CLANG_WARN_OBJC_ROOT_CLASS = YES_ERROR;
				CLANG_WARN_SUSPICIOUS_MOVE = YES;
				CLANG_WARN_UNREACHABLE_CODE = YES;
				CLANG_WARN__DUPLICATE_METHOD_MATCH = YES;
				"CODE_SIGN_IDENTITY[sdk=iphoneos*]" = "iPhone Developer";
				COPY_PHASE_STRIP = NO;
				DEBUG_INFORMATION_FORMAT = "dwarf-with-dsym";
				ENABLE_NS_ASSERTIONS = NO;
				ENABLE_STRICT_OBJC_MSGSEND = YES;
				GCC_C_LANGUAGE_STANDARD = gnu99;
				GCC_NO_COMMON_BLOCKS = YES;
				GCC_WARN_64_TO_32_BIT_CONVERSION = YES;
				GCC_WARN_ABOUT_RETURN_TYPE = YES_ERROR;
				GCC_WARN_UNDECLARED_SELECTOR = YES;
				GCC_WARN_UNINITIALIZED_AUTOS = YES_AGGRESSIVE;
				GCC_WARN_UNUSED_FUNCTION = YES;
				GCC_WARN_UNUSED_VARIABLE = YES;
				IPHONEOS_DEPLOYMENT_TARGET = 10.3;
				MTL_ENABLE_DEBUG_INFO = NO;
				SDKROOT = iphoneos;
				TARGETED_DEVICE_FAMILY = "1,2";
				VALIDATE_PRODUCT = YES;
			};
			name = Release;
		};
		511A32751E97593800067CF8 /* Debug */ = {
			isa = XCBuildConfiguration;
			buildSettings = {
				ASSETCATALOG_COMPILER_APPICON_NAME = AppIcon;
				"CODE_SIGN_IDENTITY[sdk=iphoneos*]" = "iPhone Developer";
				DEVELOPMENT_TEAM = 8X732W9RQ2;
				INFOPLIST_FILE = KKMusicPlayer/Info.plist;
				IPHONEOS_DEPLOYMENT_TARGET = 8.0;
				LD_RUNPATH_SEARCH_PATHS = "$(inherited) @executable_path/Frameworks";
				PRODUCT_BUNDLE_IDENTIFIER = com.KKMusicPlayer.KKMusicPlayer;
				PRODUCT_NAME = "$(TARGET_NAME)";
				PROVISIONING_PROFILE_SPECIFIER = "";
			};
			name = Debug;
		};
		511A32761E97593800067CF8 /* Release */ = {
			isa = XCBuildConfiguration;
			buildSettings = {
				ASSETCATALOG_COMPILER_APPICON_NAME = AppIcon;
				"CODE_SIGN_IDENTITY[sdk=iphoneos*]" = "iPhone Developer";
				DEVELOPMENT_TEAM = 8X732W9RQ2;
				INFOPLIST_FILE = KKMusicPlayer/Info.plist;
				IPHONEOS_DEPLOYMENT_TARGET = 8.0;
				LD_RUNPATH_SEARCH_PATHS = "$(inherited) @executable_path/Frameworks";
				PRODUCT_BUNDLE_IDENTIFIER = com.KKMusicPlayer.KKMusicPlayer;
				PRODUCT_NAME = "$(TARGET_NAME)";
				PROVISIONING_PROFILE_SPECIFIER = "";
			};
			name = Release;
		};
/* End XCBuildConfiguration section */

/* Begin XCConfigurationList section */
		511A32581E97593800067CF8 /* Build configuration list for PBXProject "KKMusicPlayer" */ = {
			isa = XCConfigurationList;
			buildConfigurations = (
				511A32721E97593800067CF8 /* Debug */,
				511A32731E97593800067CF8 /* Release */,
			);
			defaultConfigurationIsVisible = 0;
			defaultConfigurationName = Release;
		};
		511A32741E97593800067CF8 /* Build configuration list for PBXNativeTarget "KKMusicPlayer" */ = {
			isa = XCConfigurationList;
			buildConfigurations = (
				511A32751E97593800067CF8 /* Debug */,
				511A32761E97593800067CF8 /* Release */,
			);
			defaultConfigurationIsVisible = 0;
			defaultConfigurationName = Release;
		};
/* End XCConfigurationList section */
	};
	rootObject = 511A32551E97593800067CF8 /* Project object */;
}
